// !$*UTF8*$!
{
	archiveVersion = 1;
	classes = {
	};
	objectVersion = 56;
	objects = {

/* Begin PBXBuildFile section */
		4B0663C829C676E400985794 /* AppDelegate.swift in Sources */ = {isa = PBXBuildFile; fileRef = 4B0663C729C676E400985794 /* AppDelegate.swift */; };
		4B0663CA29C676E400985794 /* SceneDelegate.swift in Sources */ = {isa = PBXBuildFile; fileRef = 4B0663C929C676E400985794 /* SceneDelegate.swift */; };
		4B0663CC29C676E400985794 /* ViewController.swift in Sources */ = {isa = PBXBuildFile; fileRef = 4B0663CB29C676E400985794 /* ViewController.swift */; };
		4B0663CF29C676E400985794 /* Main.storyboard in Resources */ = {isa = PBXBuildFile; fileRef = 4B0663CD29C676E400985794 /* Main.storyboard */; };
		4B0663D129C676E600985794 /* Assets.xcassets in Resources */ = {isa = PBXBuildFile; fileRef = 4B0663D029C676E600985794 /* Assets.xcassets */; };
		4B0663D429C676E600985794 /* LaunchScreen.storyboard in Resources */ = {isa = PBXBuildFile; fileRef = 4B0663D229C676E600985794 /* LaunchScreen.storyboard */; };
		4B0663DD29C677FD00985794 /* constances.swift in Sources */ = {isa = PBXBuildFile; fileRef = 4B0663DC29C677FD00985794 /* constances.swift */; };
		E94E45DD96B225701ECCF8AF /* Pods_StockInfo.framework in Frameworks */ = {isa = PBXBuildFile; fileRef = DCD096E0DB4F24653C90353E /* Pods_StockInfo.framework */; };
/* End PBXBuildFile section */

/* Begin PBXFileReference section */
		036129EB44B79F8161FE8978 /* Pods-StockInfo.debug.xcconfig */ = {isa = PBXFileReference; includeInIndex = 1; lastKnownFileType = text.xcconfig; name = "Pods-StockInfo.debug.xcconfig"; path = "Target Support Files/Pods-StockInfo/Pods-StockInfo.debug.xcconfig"; sourceTree = "<group>"; };
		4B0663C429C676E400985794 /* StockInfo.app */ = {isa = PBXFileReference; explicitFileType = wrapper.application; includeInIndex = 0; path = StockInfo.app; sourceTree = BUILT_PRODUCTS_DIR; };
		4B0663C729C676E400985794 /* AppDelegate.swift */ = {isa = PBXFileReference; lastKnownFileType = sourcecode.swift; path = AppDelegate.swift; sourceTree = "<group>"; };
		4B0663C929C676E400985794 /* SceneDelegate.swift */ = {isa = PBXFileReference; lastKnownFileType = sourcecode.swift; path = SceneDelegate.swift; sourceTree = "<group>"; };
		4B0663CB29C676E400985794 /* ViewController.swift */ = {isa = PBXFileReference; lastKnownFileType = sourcecode.swift; path = ViewController.swift; sourceTree = "<group>"; };
		4B0663CE29C676E400985794 /* Base */ = {isa = PBXFileReference; lastKnownFileType = file.storyboard; name = Base; path = Base.lproj/Main.storyboard; sourceTree = "<group>"; };
		4B0663D029C676E600985794 /* Assets.xcassets */ = {isa = PBXFileReference; lastKnownFileType = folder.assetcatalog; path = Assets.xcassets; sourceTree = "<group>"; };
		4B0663D329C676E600985794 /* Base */ = {isa = PBXFileReference; lastKnownFileType = file.storyboard; name = Base; path = Base.lproj/LaunchScreen.storyboard; sourceTree = "<group>"; };
		4B0663D529C676E600985794 /* Info.plist */ = {isa = PBXFileReference; lastKnownFileType = text.plist.xml; path = Info.plist; sourceTree = "<group>"; };
		4B0663DC29C677FD00985794 /* constances.swift */ = {isa = PBXFileReference; lastKnownFileType = sourcecode.swift; path = constances.swift; sourceTree = "<group>"; };
		81197AC71A349E708D54F872 /* Pods-StockInfo.release.xcconfig */ = {isa = PBXFileReference; includeInIndex = 1; lastKnownFileType = text.xcconfig; name = "Pods-StockInfo.release.xcconfig"; path = "Target Support Files/Pods-StockInfo/Pods-StockInfo.release.xcconfig"; sourceTree = "<group>"; };
		DCD096E0DB4F24653C90353E /* Pods_StockInfo.framework */ = {isa = PBXFileReference; explicitFileType = wrapper.framework; includeInIndex = 0; path = Pods_StockInfo.framework; sourceTree = BUILT_PRODUCTS_DIR; };
/* End PBXFileReference section */

/* Begin PBXFrameworksBuildPhase section */
		4B0663C129C676E400985794 /* Frameworks */ = {
			isa = PBXFrameworksBuildPhase;
			buildActionMask = 2147483647;
			files = (
				E94E45DD96B225701ECCF8AF /* Pods_StockInfo.framework in Frameworks */,
			);
			runOnlyForDeploymentPostprocessing = 0;
		};
/* End PBXFrameworksBuildPhase section */

/* Begin PBXGroup section */
		4B0663BB29C676E400985794 = {
			isa = PBXGroup;
			children = (
				4B0663C629C676E400985794 /* StockInfo */,
				4B0663C529C676E400985794 /* Products */,
				769D608E8F8EB1D674AE7642 /* Pods */,
				FEDB8282C3C592438F299029 /* Frameworks */,
			);
			sourceTree = "<group>";
		};
		4B0663C529C676E400985794 /* Products */ = {
			isa = PBXGroup;
			children = (
				4B0663C429C676E400985794 /* StockInfo.app */,
			);
			name = Products;
			sourceTree = "<group>";
		};
		4B0663C629C676E400985794 /* StockInfo */ = {
			isa = PBXGroup;
			children = (
				4B0663DB29C677DC00985794 /* Utils */,
				4B0663C729C676E400985794 /* AppDelegate.swift */,
				4B0663C929C676E400985794 /* SceneDelegate.swift */,
				4B0663CB29C676E400985794 /* ViewController.swift */,
				4B0663CD29C676E400985794 /* Main.storyboard */,
				4B0663D029C676E600985794 /* Assets.xcassets */,
				4B0663D229C676E600985794 /* LaunchScreen.storyboard */,
				4B0663D529C676E600985794 /* Info.plist */,
			);
			path = StockInfo;
			sourceTree = "<group>";
		};
		4B0663DB29C677DC00985794 /* Utils */ = {
			isa = PBXGroup;
			children = (
				4B0663DC29C677FD00985794 /* constances.swift */,
			);
			path = Utils;
			sourceTree = "<group>";
		};
		769D608E8F8EB1D674AE7642 /* Pods */ = {
			isa = PBXGroup;
			children = (
				036129EB44B79F8161FE8978 /* Pods-StockInfo.debug.xcconfig */,
				81197AC71A349E708D54F872 /* Pods-StockInfo.release.xcconfig */,
			);
			path = Pods;
			sourceTree = "<group>";
		};
		FEDB8282C3C592438F299029 /* Frameworks */ = {
			isa = PBXGroup;
			children = (
				DCD096E0DB4F24653C90353E /* Pods_StockInfo.framework */,
			);
			name = Frameworks;
			sourceTree = "<group>";
		};
/* End PBXGroup section */

/* Begin PBXNativeTarget section */
		4B0663C329C676E400985794 /* StockInfo */ = {
			isa = PBXNativeTarget;
			buildConfigurationList = 4B0663D829C676E600985794 /* Build configuration list for PBXNativeTarget "StockInfo" */;
			buildPhases = (
				F918DC30366E426486528B9B /* [CP] Check Pods Manifest.lock */,
				4B0663C029C676E400985794 /* Sources */,
				4B0663C129C676E400985794 /* Frameworks */,
				4B0663C229C676E400985794 /* Resources */,
				9E8C8324AD7C6354440910BC /* [CP] Embed Pods Frameworks */,
			);
			buildRules = (
			);
			dependencies = (
			);
			name = StockInfo;
			productName = StockInfo;
			productReference = 4B0663C429C676E400985794 /* StockInfo.app */;
			productType = "com.apple.product-type.application";
		};
/* End PBXNativeTarget section */

/* Begin PBXProject section */
		4B0663BC29C676E400985794 /* Project object */ = {
			isa = PBXProject;
			attributes = {
				BuildIndependentTargetsInParallel = 1;
				LastSwiftUpdateCheck = 1420;
				LastUpgradeCheck = 1420;
				TargetAttributes = {
					4B0663C329C676E400985794 = {
						CreatedOnToolsVersion = 14.2;
					};
				};
			};
			buildConfigurationList = 4B0663BF29C676E400985794 /* Build configuration list for PBXProject "StockInfo" */;
			compatibilityVersion = "Xcode 14.0";
			developmentRegion = en;
			hasScannedForEncodings = 0;
			knownRegions = (
				en,
				Base,
			);
			mainGroup = 4B0663BB29C676E400985794;
			productRefGroup = 4B0663C529C676E400985794 /* Products */;
			projectDirPath = "";
			projectRoot = "";
			targets = (
				4B0663C329C676E400985794 /* StockInfo */,
			);
		};
/* End PBXProject section */

/* Begin PBXResourcesBuildPhase section */
		4B0663C229C676E400985794 /* Resources */ = {
			isa = PBXResourcesBuildPhase;
			buildActionMask = 2147483647;
			files = (
				4B0663D429C676E600985794 /* LaunchScreen.storyboard in Resources */,
				4B0663D129C676E600985794 /* Assets.xcassets in Resources */,
				4B0663CF29C676E400985794 /* Main.storyboard in Resources */,
			);
			runOnlyForDeploymentPostprocessing = 0;
		};
/* End PBXResourcesBuildPhase section */

/* Begin PBXShellScriptBuildPhase section */
		9E8C8324AD7C6354440910BC /* [CP] Embed Pods Frameworks */ = {
			isa = PBXShellScriptBuildPhase;
			buildActionMask = 2147483647;
			files = (
			);
			inputFileListPaths = (
				"${PODS_ROOT}/Target Support Files/Pods-StockInfo/Pods-StockInfo-frameworks-${CONFIGURATION}-input-files.xcfilelist",
			);
			name = "[CP] Embed Pods Frameworks";
			outputFileListPaths = (
				"${PODS_ROOT}/Target Support Files/Pods-StockInfo/Pods-StockInfo-frameworks-${CONFIGURATION}-output-files.xcfilelist",
			);
			runOnlyForDeploymentPostprocessing = 0;
			shellPath = /bin/sh;
			shellScript = "\"${PODS_ROOT}/Target Support Files/Pods-StockInfo/Pods-StockInfo-frameworks.sh\"\n";
			showEnvVarsInLog = 0;
		};
		F918DC30366E426486528B9B /* [CP] Check Pods Manifest.lock */ = {
			isa = PBXShellScriptBuildPhase;
			buildActionMask = 2147483647;
			files = (
			);
			inputFileListPaths = (
			);
			inputPaths = (
				"${PODS_PODFILE_DIR_PATH}/Podfile.lock",
				"${PODS_ROOT}/Manifest.lock",
			);
			name = "[CP] Check Pods Manifest.lock";
			outputFileListPaths = (
			);
			outputPaths = (
				"$(DERIVED_FILE_DIR)/Pods-StockInfo-checkManifestLockResult.txt",
			);
			runOnlyForDeploymentPostprocessing = 0;
			shellPath = /bin/sh;
			shellScript = "diff \"${PODS_PODFILE_DIR_PATH}/Podfile.lock\" \"${PODS_ROOT}/Manifest.lock\" > /dev/null\nif [ $? != 0 ] ; then\n    # print error to STDERR\n    echo \"error: The sandbox is not in sync with the Podfile.lock. Run 'pod install' or update your CocoaPods installation.\" >&2\n    exit 1\nfi\n# This output is used by Xcode 'outputs' to avoid re-running this script phase.\necho \"SUCCESS\" > \"${SCRIPT_OUTPUT_FILE_0}\"\n";
			showEnvVarsInLog = 0;
		};
/* End PBXShellScriptBuildPhase section */

/* Begin PBXSourcesBuildPhase section */
		4B0663C029C676E400985794 /* Sources */ = {
			isa = PBXSourcesBuildPhase;
			buildActionMask = 2147483647;
			files = (
				4B0663DD29C677FD00985794 /* constances.swift in Sources */,
				4B0663CC29C676E400985794 /* ViewController.swift in Sources */,
				4B0663C829C676E400985794 /* AppDelegate.swift in Sources */,
				4B0663CA29C676E400985794 /* SceneDelegate.swift in Sources */,
			);
			runOnlyForDeploymentPostprocessing = 0;
		};
/* End PBXSourcesBuildPhase section */

/* Begin PBXVariantGroup section */
		4B0663CD29C676E400985794 /* Main.storyboard */ = {
			isa = PBXVariantGroup;
			children = (
				4B0663CE29C676E400985794 /* Base */,
			);
			name = Main.storyboard;
			sourceTree = "<group>";
		};
		4B0663D229C676E600985794 /* LaunchScreen.storyboard */ = {
			isa = PBXVariantGroup;
			children = (
				4B0663D329C676E600985794 /* Base */,
			);
			name = LaunchScreen.storyboard;
			sourceTree = "<group>";
		};
/* End PBXVariantGroup section */

/* Begin XCBuildConfiguration section */
		4B0663D629C676E600985794 /* Debug */ = {
			isa = XCBuildConfiguration;
			buildSettings = {
				ALWAYS_SEARCH_USER_PATHS = NO;
				CLANG_ANALYZER_NONNULL = YES;
				CLANG_ANALYZER_NUMBER_OBJECT_CONVERSION = YES_AGGRESSIVE;
				CLANG_CXX_LANGUAGE_STANDARD = "gnu++20";
				CLANG_ENABLE_MODULES = YES;
				CLANG_ENABLE_OBJC_ARC = YES;
				CLANG_ENABLE_OBJC_WEAK = YES;
				CLANG_WARN_BLOCK_CAPTURE_AUTORELEASING = YES;
				CLANG_WARN_BOOL_CONVERSION = YES;
				CLANG_WARN_COMMA = YES;
				CLANG_WARN_CONSTANT_CONVERSION = YES;
				CLANG_WARN_DEPRECATED_OBJC_IMPLEMENTATIONS = YES;
				CLANG_WARN_DIRECT_OBJC_ISA_USAGE = YES_ERROR;
				CLANG_WARN_DOCUMENTATION_COMMENTS = YES;
				CLANG_WARN_EMPTY_BODY = YES;
				CLANG_WARN_ENUM_CONVERSION = YES;
				CLANG_WARN_INFINITE_RECURSION = YES;
				CLANG_WARN_INT_CONVERSION = YES;
				CLANG_WARN_NON_LITERAL_NULL_CONVERSION = YES;
				CLANG_WARN_OBJC_IMPLICIT_RETAIN_SELF = YES;
				CLANG_WARN_OBJC_LITERAL_CONVERSION = YES;
				CLANG_WARN_OBJC_ROOT_CLASS = YES_ERROR;
				CLANG_WARN_QUOTED_INCLUDE_IN_FRAMEWORK_HEADER = YES;
				CLANG_WARN_RANGE_LOOP_ANALYSIS = YES;
				CLANG_WARN_STRICT_PROTOTYPES = YES;
				CLANG_WARN_SUSPICIOUS_MOVE = YES;
				CLANG_WARN_UNGUARDED_AVAILABILITY = YES_AGGRESSIVE;
				CLANG_WARN_UNREACHABLE_CODE = YES;
				CLANG_WARN__DUPLICATE_METHOD_MATCH = YES;
				COPY_PHASE_STRIP = NO;
				DEBUG_INFORMATION_FORMAT = dwarf;
				ENABLE_STRICT_OBJC_MSGSEND = YES;
				ENABLE_TESTABILITY = YES;
				GCC_C_LANGUAGE_STANDARD = gnu11;
				GCC_DYNAMIC_NO_PIC = NO;
				GCC_NO_COMMON_BLOCKS = YES;
				GCC_OPTIMIZATION_LEVEL = 0;
				GCC_PREPROCESSOR_DEFINITIONS = (
					"DEBUG=1",
					"$(inherited)",
				);
				GCC_WARN_64_TO_32_BIT_CONVERSION = YES;
				GCC_WARN_ABOUT_RETURN_TYPE = YES_ERROR;
				GCC_WARN_UNDECLARED_SELECTOR = YES;
				GCC_WARN_UNINITIALIZED_AUTOS = YES_AGGRESSIVE;
				GCC_WARN_UNUSED_FUNCTION = YES;
				GCC_WARN_UNUSED_VARIABLE = YES;
				IPHONEOS_DEPLOYMENT_TARGET = 16.2;
				MTL_ENABLE_DEBUG_INFO = INCLUDE_SOURCE;
				MTL_FAST_MATH = YES;
				ONLY_ACTIVE_ARCH = YES;
				SDKROOT = iphoneos;
				SWIFT_ACTIVE_COMPILATION_CONDITIONS = DEBUG;
				SWIFT_OPTIMIZATION_LEVEL = "-Onone";
			};
			name = Debug;
		};
		4B0663D729C676E600985794 /* Release */ = {
			isa = XCBuildConfiguration;
			buildSettings = {
				ALWAYS_SEARCH_USER_PATHS = NO;
				CLANG_ANALYZER_NONNULL = YES;
				CLANG_ANALYZER_NUMBER_OBJECT_CONVERSION = YES_AGGRESSIVE;
				CLANG_CXX_LANGUAGE_STANDARD = "gnu++20";
				CLANG_ENABLE_MODULES = YES;
				CLANG_ENABLE_OBJC_ARC = YES;
				CLANG_ENABLE_OBJC_WEAK = YES;
				CLANG_WARN_BLOCK_CAPTURE_AUTORELEASING = YES;
				CLANG_WARN_BOOL_CONVERSION = YES;
				CLANG_WARN_COMMA = YES;
				CLANG_WARN_CONSTANT_CONVERSION = YES;
				CLANG_WARN_DEPRECATED_OBJC_IMPLEMENTATIONS = YES;
				CLANG_WARN_DIRECT_OBJC_ISA_USAGE = YES_ERROR;
				CLANG_WARN_DOCUMENTATION_COMMENTS = YES;
				CLANG_WARN_EMPTY_BODY = YES;
				CLANG_WARN_ENUM_CONVERSION = YES;
				CLANG_WARN_INFINITE_RECURSION = YES;
				CLANG_WARN_INT_CONVERSION = YES;
				CLANG_WARN_NON_LITERAL_NULL_CONVERSION = YES;
				CLANG_WARN_OBJC_IMPLICIT_RETAIN_SELF = YES;
				CLANG_WARN_OBJC_LITERAL_CONVERSION = YES;
				CLANG_WARN_OBJC_ROOT_CLASS = YES_ERROR;
				CLANG_WARN_QUOTED_INCLUDE_IN_FRAMEWORK_HEADER = YES;
				CLANG_WARN_RANGE_LOOP_ANALYSIS = YES;
				CLANG_WARN_STRICT_PROTOTYPES = YES;
				CLANG_WARN_SUSPICIOUS_MOVE = YES;
				CLANG_WARN_UNGUARDED_AVAILABILITY = YES_AGGRESSIVE;
				CLANG_WARN_UNREACHABLE_CODE = YES;
				CLANG_WARN__DUPLICATE_METHOD_MATCH = YES;
				COPY_PHASE_STRIP = NO;
				DEBUG_INFORMATION_FORMAT = "dwarf-with-dsym";
				ENABLE_NS_ASSERTIONS = NO;
				ENABLE_STRICT_OBJC_MSGSEND = YES;
				GCC_C_LANGUAGE_STANDARD = gnu11;
				GCC_NO_COMMON_BLOCKS = YES;
				GCC_WARN_64_TO_32_BIT_CONVERSION = YES;
				GCC_WARN_ABOUT_RETURN_TYPE = YES_ERROR;
				GCC_WARN_UNDECLARED_SELECTOR = YES;
				GCC_WARN_UNINITIALIZED_AUTOS = YES_AGGRESSIVE;
				GCC_WARN_UNUSED_FUNCTION = YES;
				GCC_WARN_UNUSED_VARIABLE = YES;
				IPHONEOS_DEPLOYMENT_TARGET = 16.2;
				MTL_ENABLE_DEBUG_INFO = NO;
				MTL_FAST_MATH = YES;
				SDKROOT = iphoneos;
				SWIFT_COMPILATION_MODE = wholemodule;
				SWIFT_OPTIMIZATION_LEVEL = "-O";
				VALIDATE_PRODUCT = YES;
			};
			name = Release;
		};
		4B0663D929C676E600985794 /* Debug */ = {
			isa = XCBuildConfiguration;
			baseConfigurationReference = 036129EB44B79F8161FE8978 /* Pods-StockInfo.debug.xcconfig */;
			buildSettings = {
				ASSETCATALOG_COMPILER_APPICON_NAME = AppIcon;
				ASSETCATALOG_COMPILER_GLOBAL_ACCENT_COLOR_NAME = AccentColor;
				CODE_SIGN_STYLE = Automatic;
				CURRENT_PROJECT_VERSION = 1;
				GENERATE_INFOPLIST_FILE = YES;
				INFOPLIST_FILE = StockInfo/Info.plist;
				INFOPLIST_KEY_UIApplicationSupportsIndirectInputEvents = YES;
				INFOPLIST_KEY_UILaunchStoryboardName = LaunchScreen;
				INFOPLIST_KEY_UIMainStoryboardFile = Main;
				INFOPLIST_KEY_UISupportedInterfaceOrientations_iPad = "UIInterfaceOrientationPortrait UIInterfaceOrientationPortraitUpsideDown UIInterfaceOrientationLandscapeLeft UIInterfaceOrientationLandscapeRight";
				INFOPLIST_KEY_UISupportedInterfaceOrientations_iPhone = "UIInterfaceOrientationPortrait UIInterfaceOrientationLandscapeLeft UIInterfaceOrientationLandscapeRight";
				LD_RUNPATH_SEARCH_PATHS = (
					"$(inherited)",
					"@executable_path/Frameworks",
				);
				MARKETING_VERSION = 1.0;
				PRODUCT_BUNDLE_IDENTIFIER = edu.northeastern.luyao1.wang.StockInfo;
				PRODUCT_NAME = "$(TARGET_NAME)";
				SWIFT_EMIT_LOC_STRINGS = YES;
				SWIFT_VERSION = 5.0;
				TARGETED_DEVICE_FAMILY = "1,2";
			};
			name = Debug;
		};
		4B0663DA29C676E600985794 /* Release */ = {
			isa = XCBuildConfiguration;
			baseConfigurationReference = 81197AC71A349E708D54F872 /* Pods-StockInfo.release.xcconfig */;
			buildSettings = {
				ASSETCATALOG_COMPILER_APPICON_NAME = AppIcon;
				ASSETCATALOG_COMPILER_GLOBAL_ACCENT_COLOR_NAME = AccentColor;
				CODE_SIGN_STYLE = Automatic;
				CURRENT_PROJECT_VERSION = 1;
				GENERATE_INFOPLIST_FILE = YES;
				INFOPLIST_FILE = StockInfo/Info.plist;
				INFOPLIST_KEY_UIApplicationSupportsIndirectInputEvents = YES;
				INFOPLIST_KEY_UILaunchStoryboardName = LaunchScreen;
				INFOPLIST_KEY_UIMainStoryboardFile = Main;
				INFOPLIST_KEY_UISupportedInterfaceOrientations_iPad = "UIInterfaceOrientationPortrait UIInterfaceOrientationPortraitUpsideDown UIInterfaceOrientationLandscapeLeft UIInterfaceOrientationLandscapeRight";
				INFOPLIST_KEY_UISupportedInterfaceOrientations_iPhone = "UIInterfaceOrientationPortrait UIInterfaceOrientationLandscapeLeft UIInterfaceOrientationLandscapeRight";
				LD_RUNPATH_SEARCH_PATHS = (
					"$(inherited)",
					"@executable_path/Frameworks",
				);
				MARKETING_VERSION = 1.0;
				PRODUCT_BUNDLE_IDENTIFIER = edu.northeastern.luyao1.wang.StockInfo;
				PRODUCT_NAME = "$(TARGET_NAME)";
				SWIFT_EMIT_LOC_STRINGS = YES;
				SWIFT_VERSION = 5.0;
				TARGETED_DEVICE_FAMILY = "1,2";
			};
			name = Release;
		};
/* End XCBuildConfiguration section */

/* Begin XCConfigurationList section */
		4B0663BF29C676E400985794 /* Build configuration list for PBXProject "StockInfo" */ = {
			isa = XCConfigurationList;
			buildConfigurations = (
				4B0663D629C676E600985794 /* Debug */,
				4B0663D729C676E600985794 /* Release */,
			);
			defaultConfigurationIsVisible = 0;
			defaultConfigurationName = Release;
		};
		4B0663D829C676E600985794 /* Build configuration list for PBXNativeTarget "StockInfo" */ = {
			isa = XCConfigurationList;
			buildConfigurations = (
				4B0663D929C676E600985794 /* Debug */,
				4B0663DA29C676E600985794 /* Release */,
			);
			defaultConfigurationIsVisible = 0;
			defaultConfigurationName = Release;
		};
/* End XCConfigurationList section */
	};
	rootObject = 4B0663BC29C676E400985794 /* Project object */;
}
